
Microsoft Visual Studio Solution File, Format Version 12.00
# Visual Studio Version 16
VisualStudioVersion = 16.0.32510.428
MinimumVisualStudioVersion = 10.0.40219.1
Project("{FAE04EC0-301F-11D3-BF4B-00C04F79EFBC}") = "Calcola_Scelta_Macchinario", "Calcola_Scelta_Macchinario.csproj", "{8C70826C-C0C8-4607-AA4A-134807FE20E1}"
EndProject
Global
	GlobalSection(SolutionConfigurationPlatforms) = preSolution
		Debug|Any CPU = Debug|Any CPU
		Release|Any CPU = Release|Any CPU
	EndGlobalSection
	GlobalSection(ProjectConfigurationPlatforms) = postSolution
		{8C70826C-C0C8-4607-AA4A-134807FE20E1}.Debug|Any CPU.ActiveCfg = Debug|Any CPU
		{8C70826C-C0C8-4607-AA4A-134807FE20E1}.Debug|Any CPU.Build.0 = Debug|Any CPU
		{8C70826C-C0C8-4607-AA4A-134807FE20E1}.Release|Any CPU.ActiveCfg = Release|Any CPU
		{8C70826C-C0C8-4607-AA4A-134807FE20E1}.Release|Any CPU.Build.0 = Release|Any CPU
	EndGlobalSection
	GlobalSection(SolutionProperties) = preSolution
		HideSolutionNode = FALSE
	EndGlobalSection
	GlobalSection(ExtensibilityGlobals) = postSolution
		SolutionGuid = {C3AEF18D-1805-4263-8F57-2BBADBD22398}
	EndGlobalSection
EndGlobal
